
Microsoft Visual Studio Solution File, Format Version 12.00
# Visual Studio 15
VisualStudioVersion = 15.0.27703.2047
MinimumVisualStudioVersion = 10.0.40219.1
Project("{FAE04EC0-301F-11D3-BF4B-00C04F79EFBC}") = "EjercicioGuia33FIX", "EjercicioGuia33FIX\EjercicioGuia33FIX.csproj", "{F5BF1971-17C8-41A7-8F73-5B081A77AC02}"
EndProject
Global
	GlobalSection(SolutionConfigurationPlatforms) = preSolution
		Debug|Any CPU = Debug|Any CPU
		Release|Any CPU = Release|Any CPU
	EndGlobalSection
	GlobalSection(ProjectConfigurationPlatforms) = postSolution
		{F5BF1971-17C8-41A7-8F73-5B081A77AC02}.Debug|Any CPU.ActiveCfg = Debug|Any CPU
		{F5BF1971-17C8-41A7-8F73-5B081A77AC02}.Debug|Any CPU.Build.0 = Debug|Any CPU
		{F5BF1971-17C8-41A7-8F73-5B081A77AC02}.Release|Any CPU.ActiveCfg = Release|Any CPU
		{F5BF1971-17C8-41A7-8F73-5B081A77AC02}.Release|Any CPU.Build.0 = Release|Any CPU
	EndGlobalSection
	GlobalSection(SolutionProperties) = preSolution
		HideSolutionNode = FALSE
	EndGlobalSection
	GlobalSection(ExtensibilityGlobals) = postSolution
		SolutionGuid = {EDBD5DFE-1E4B-4B42-B5A6-3433481FA321}
	EndGlobalSection
EndGlobal
