
Microsoft Visual Studio Solution File, Format Version 12.00
# Visual Studio Version 16
VisualStudioVersion = 16.0.29215.179
MinimumVisualStudioVersion = 10.0.40219.1
Project("{FAE04EC0-301F-11D3-BF4B-00C04F79EFBC}") = "Ejercicio23(Forms)", "Ejercicio23(Forms).csproj", "{FD44BC8D-9130-4724-A778-6F22DE753371}"
EndProject
Project("{FAE04EC0-301F-11D3-BF4B-00C04F79EFBC}") = "Moneda", "Moneda\Moneda\Moneda.csproj", "{7D5F631B-76B0-47A3-AF25-7F8ADC3BC69D}"
EndProject
Global
	GlobalSection(SolutionConfigurationPlatforms) = preSolution
		Debug|Any CPU = Debug|Any CPU
		Release|Any CPU = Release|Any CPU
	EndGlobalSection
	GlobalSection(ProjectConfigurationPlatforms) = postSolution
		{FD44BC8D-9130-4724-A778-6F22DE753371}.Debug|Any CPU.ActiveCfg = Debug|Any CPU
		{FD44BC8D-9130-4724-A778-6F22DE753371}.Debug|Any CPU.Build.0 = Debug|Any CPU
		{FD44BC8D-9130-4724-A778-6F22DE753371}.Release|Any CPU.ActiveCfg = Release|Any CPU
		{FD44BC8D-9130-4724-A778-6F22DE753371}.Release|Any CPU.Build.0 = Release|Any CPU
		{7D5F631B-76B0-47A3-AF25-7F8ADC3BC69D}.Debug|Any CPU.ActiveCfg = Debug|Any CPU
		{7D5F631B-76B0-47A3-AF25-7F8ADC3BC69D}.Debug|Any CPU.Build.0 = Debug|Any CPU
		{7D5F631B-76B0-47A3-AF25-7F8ADC3BC69D}.Release|Any CPU.ActiveCfg = Release|Any CPU
		{7D5F631B-76B0-47A3-AF25-7F8ADC3BC69D}.Release|Any CPU.Build.0 = Release|Any CPU
	EndGlobalSection
	GlobalSection(SolutionProperties) = preSolution
		HideSolutionNode = FALSE
	EndGlobalSection
	GlobalSection(ExtensibilityGlobals) = postSolution
		SolutionGuid = {6AA73015-9936-4F19-BBEB-DE54A6C4EC69}
	EndGlobalSection
EndGlobal
