
Microsoft Visual Studio Solution File, Format Version 12.00
# Visual Studio 15
VisualStudioVersion = 15.0.27703.2047
MinimumVisualStudioVersion = 10.0.40219.1
Project("{FAE04EC0-301F-11D3-BF4B-00C04F79EFBC}") = "EjercicioGuia13", "EjercicioGuia13\EjercicioGuia13.csproj", "{2FC81C29-325C-40DF-80C2-0A3CA4CD3FAE}"
EndProject
Global
	GlobalSection(SolutionConfigurationPlatforms) = preSolution
		Debug|Any CPU = Debug|Any CPU
		Release|Any CPU = Release|Any CPU
	EndGlobalSection
	GlobalSection(ProjectConfigurationPlatforms) = postSolution
		{2FC81C29-325C-40DF-80C2-0A3CA4CD3FAE}.Debug|Any CPU.ActiveCfg = Debug|Any CPU
		{2FC81C29-325C-40DF-80C2-0A3CA4CD3FAE}.Debug|Any CPU.Build.0 = Debug|Any CPU
		{2FC81C29-325C-40DF-80C2-0A3CA4CD3FAE}.Release|Any CPU.ActiveCfg = Release|Any CPU
		{2FC81C29-325C-40DF-80C2-0A3CA4CD3FAE}.Release|Any CPU.Build.0 = Release|Any CPU
	EndGlobalSection
	GlobalSection(SolutionProperties) = preSolution
		HideSolutionNode = FALSE
	EndGlobalSection
	GlobalSection(ExtensibilityGlobals) = postSolution
		SolutionGuid = {7E17602C-B9B6-4637-B753-9E7532F1C4C7}
	EndGlobalSection
EndGlobal
