
Microsoft Visual Studio Solution File, Format Version 12.00
# Visual Studio 15
VisualStudioVersion = 15.0.27703.2047
MinimumVisualStudioVersion = 10.0.40219.1
Project("{FAE04EC0-301F-11D3-BF4B-00C04F79EFBC}") = "EjercicioCampus5", "EjercicioCampus5\EjercicioCampus5.csproj", "{49F9CCE8-30F0-4A03-B0E3-51511D165585}"
EndProject
Project("{FAE04EC0-301F-11D3-BF4B-00C04F79EFBC}") = "Entidades", "ClassLibrary1\Entidades.csproj", "{936517D0-4C7C-44BB-AFBC-1B0D2975CA61}"
EndProject
Global
	GlobalSection(SolutionConfigurationPlatforms) = preSolution
		Debug|Any CPU = Debug|Any CPU
		Release|Any CPU = Release|Any CPU
	EndGlobalSection
	GlobalSection(ProjectConfigurationPlatforms) = postSolution
		{49F9CCE8-30F0-4A03-B0E3-51511D165585}.Debug|Any CPU.ActiveCfg = Debug|Any CPU
		{49F9CCE8-30F0-4A03-B0E3-51511D165585}.Debug|Any CPU.Build.0 = Debug|Any CPU
		{49F9CCE8-30F0-4A03-B0E3-51511D165585}.Release|Any CPU.ActiveCfg = Release|Any CPU
		{49F9CCE8-30F0-4A03-B0E3-51511D165585}.Release|Any CPU.Build.0 = Release|Any CPU
		{936517D0-4C7C-44BB-AFBC-1B0D2975CA61}.Debug|Any CPU.ActiveCfg = Debug|Any CPU
		{936517D0-4C7C-44BB-AFBC-1B0D2975CA61}.Debug|Any CPU.Build.0 = Debug|Any CPU
		{936517D0-4C7C-44BB-AFBC-1B0D2975CA61}.Release|Any CPU.ActiveCfg = Release|Any CPU
		{936517D0-4C7C-44BB-AFBC-1B0D2975CA61}.Release|Any CPU.Build.0 = Release|Any CPU
	EndGlobalSection
	GlobalSection(SolutionProperties) = preSolution
		HideSolutionNode = FALSE
	EndGlobalSection
	GlobalSection(ExtensibilityGlobals) = postSolution
		SolutionGuid = {D678E7EB-EC12-4394-9208-E080484346D0}
	EndGlobalSection
EndGlobal
