
Microsoft Visual Studio Solution File, Format Version 12.00
# Visual Studio 15
VisualStudioVersion = 15.0.27703.2047
MinimumVisualStudioVersion = 10.0.40219.1
Project("{FAE04EC0-301F-11D3-BF4B-00C04F79EFBC}") = "fomrs", "fomrs\fomrs.csproj", "{97E84BC5-DD49-4C54-9DF6-E5615AD77D10}"
EndProject
Global
	GlobalSection(SolutionConfigurationPlatforms) = preSolution
		Debug|Any CPU = Debug|Any CPU
		Release|Any CPU = Release|Any CPU
	EndGlobalSection
	GlobalSection(ProjectConfigurationPlatforms) = postSolution
		{97E84BC5-DD49-4C54-9DF6-E5615AD77D10}.Debug|Any CPU.ActiveCfg = Debug|Any CPU
		{97E84BC5-DD49-4C54-9DF6-E5615AD77D10}.Debug|Any CPU.Build.0 = Debug|Any CPU
		{97E84BC5-DD49-4C54-9DF6-E5615AD77D10}.Release|Any CPU.ActiveCfg = Release|Any CPU
		{97E84BC5-DD49-4C54-9DF6-E5615AD77D10}.Release|Any CPU.Build.0 = Release|Any CPU
	EndGlobalSection
	GlobalSection(SolutionProperties) = preSolution
		HideSolutionNode = FALSE
	EndGlobalSection
	GlobalSection(ExtensibilityGlobals) = postSolution
		SolutionGuid = {772AA3A3-C939-4869-97C8-25B64F7E46C4}
	EndGlobalSection
EndGlobal
