
Microsoft Visual Studio Solution File, Format Version 12.00
# Visual Studio 15
VisualStudioVersion = 15.0.27703.2047
MinimumVisualStudioVersion = 10.0.40219.1
Project("{FAE04EC0-301F-11D3-BF4B-00C04F79EFBC}") = "EjercicioGuia50 (interfaces)", "EjercicioGuia50 (interfaces)\EjercicioGuia50 (interfaces).csproj", "{8664AD46-F6E3-425F-88A9-C2D05F73BACE}"
EndProject
Project("{FAE04EC0-301F-11D3-BF4B-00C04F79EFBC}") = "Clases", "Clases\Clases.csproj", "{F2B9A193-373A-423E-94CA-0C67109D6C01}"
EndProject
Global
	GlobalSection(SolutionConfigurationPlatforms) = preSolution
		Debug|Any CPU = Debug|Any CPU
		Release|Any CPU = Release|Any CPU
	EndGlobalSection
	GlobalSection(ProjectConfigurationPlatforms) = postSolution
		{8664AD46-F6E3-425F-88A9-C2D05F73BACE}.Debug|Any CPU.ActiveCfg = Debug|Any CPU
		{8664AD46-F6E3-425F-88A9-C2D05F73BACE}.Debug|Any CPU.Build.0 = Debug|Any CPU
		{8664AD46-F6E3-425F-88A9-C2D05F73BACE}.Release|Any CPU.ActiveCfg = Release|Any CPU
		{8664AD46-F6E3-425F-88A9-C2D05F73BACE}.Release|Any CPU.Build.0 = Release|Any CPU
		{F2B9A193-373A-423E-94CA-0C67109D6C01}.Debug|Any CPU.ActiveCfg = Debug|Any CPU
		{F2B9A193-373A-423E-94CA-0C67109D6C01}.Debug|Any CPU.Build.0 = Debug|Any CPU
		{F2B9A193-373A-423E-94CA-0C67109D6C01}.Release|Any CPU.ActiveCfg = Release|Any CPU
		{F2B9A193-373A-423E-94CA-0C67109D6C01}.Release|Any CPU.Build.0 = Release|Any CPU
	EndGlobalSection
	GlobalSection(SolutionProperties) = preSolution
		HideSolutionNode = FALSE
	EndGlobalSection
	GlobalSection(ExtensibilityGlobals) = postSolution
		SolutionGuid = {BDC486E7-0610-4FFE-8A2D-F7884E086CDD}
	EndGlobalSection
EndGlobal
