
Microsoft Visual Studio Solution File, Format Version 12.00
# Visual Studio 15
VisualStudioVersion = 15.0.27703.2047
MinimumVisualStudioVersion = 10.0.40219.1
Project("{FAE04EC0-301F-11D3-BF4B-00C04F79EFBC}") = "EjercicioGuia20a", "EjercicioGuia20a\EjercicioGuia20a.csproj", "{9255CFD0-6703-41E5-B537-7217AEE418A5}"
EndProject
Project("{FAE04EC0-301F-11D3-BF4B-00C04F79EFBC}") = "Billetes", "ClassLibrary1\Billetes.csproj", "{D9DCABD3-2767-4A76-911D-61AD791C0BF8}"
EndProject
Global
	GlobalSection(SolutionConfigurationPlatforms) = preSolution
		Debug|Any CPU = Debug|Any CPU
		Release|Any CPU = Release|Any CPU
	EndGlobalSection
	GlobalSection(ProjectConfigurationPlatforms) = postSolution
		{9255CFD0-6703-41E5-B537-7217AEE418A5}.Debug|Any CPU.ActiveCfg = Debug|Any CPU
		{9255CFD0-6703-41E5-B537-7217AEE418A5}.Debug|Any CPU.Build.0 = Debug|Any CPU
		{9255CFD0-6703-41E5-B537-7217AEE418A5}.Release|Any CPU.ActiveCfg = Release|Any CPU
		{9255CFD0-6703-41E5-B537-7217AEE418A5}.Release|Any CPU.Build.0 = Release|Any CPU
		{D9DCABD3-2767-4A76-911D-61AD791C0BF8}.Debug|Any CPU.ActiveCfg = Debug|Any CPU
		{D9DCABD3-2767-4A76-911D-61AD791C0BF8}.Debug|Any CPU.Build.0 = Debug|Any CPU
		{D9DCABD3-2767-4A76-911D-61AD791C0BF8}.Release|Any CPU.ActiveCfg = Release|Any CPU
		{D9DCABD3-2767-4A76-911D-61AD791C0BF8}.Release|Any CPU.Build.0 = Release|Any CPU
	EndGlobalSection
	GlobalSection(SolutionProperties) = preSolution
		HideSolutionNode = FALSE
	EndGlobalSection
	GlobalSection(ExtensibilityGlobals) = postSolution
		SolutionGuid = {896C42F3-547D-41D3-AA7A-1E452AFFA63D}
	EndGlobalSection
EndGlobal
